
Microsoft Visual Studio Solution File, Format Version 12.00
# Visual Studio Version 16
VisualStudioVersion = 16.0.29806.167
MinimumVisualStudioVersion = 10.0.40219.1
Project("{FAE04EC0-301F-11D3-BF4B-00C04F79EFBC}") = "Program", "Program\Program.csproj", "{3D50A35F-9C25-4322-9FAC-FA92A45A6D85}"
EndProject
Global
	GlobalSection(SolutionConfigurationPlatforms) = preSolution
		Debug|Any CPU = Debug|Any CPU
		Release|Any CPU = Release|Any CPU
	EndGlobalSection
	GlobalSection(ProjectConfigurationPlatforms) = postSolution
		{3D50A35F-9C25-4322-9FAC-FA92A45A6D85}.Debug|Any CPU.ActiveCfg = Debug|Any CPU
		{3D50A35F-9C25-4322-9FAC-FA92A45A6D85}.Debug|Any CPU.Build.0 = Debug|Any CPU
		{3D50A35F-9C25-4322-9FAC-FA92A45A6D85}.Release|Any CPU.ActiveCfg = Release|Any CPU
		{3D50A35F-9C25-4322-9FAC-FA92A45A6D85}.Release|Any CPU.Build.0 = Release|Any CPU
	EndGlobalSection
	GlobalSection(SolutionProperties) = preSolution
		HideSolutionNode = FALSE
	EndGlobalSection
	GlobalSection(ExtensibilityGlobals) = postSolution
		SolutionGuid = {2E860CB2-B42D-481B-96D9-D850298FFEDE}
	EndGlobalSection
EndGlobal
